
Microsoft Visual Studio Solution File, Format Version 12.00
# Visual Studio Version 17
VisualStudioVersion = 17.0.31919.166
MinimumVisualStudioVersion = 10.0.40219.1
Project("{FAE04EC0-301F-11D3-BF4B-00C04F79EFBC}") = "part 4 the 6", "part 4 the 6.csproj", "{8FBDE468-54F4-4BE0-B3EA-482A636BC477}"
EndProject
Global
	GlobalSection(SolutionConfigurationPlatforms) = preSolution
		Debug|Any CPU = Debug|Any CPU
		Release|Any CPU = Release|Any CPU
	EndGlobalSection
	GlobalSection(ProjectConfigurationPlatforms) = postSolution
		{8FBDE468-54F4-4BE0-B3EA-482A636BC477}.Debug|Any CPU.ActiveCfg = Debug|Any CPU
		{8FBDE468-54F4-4BE0-B3EA-482A636BC477}.Debug|Any CPU.Build.0 = Debug|Any CPU
		{8FBDE468-54F4-4BE0-B3EA-482A636BC477}.Release|Any CPU.ActiveCfg = Release|Any CPU
		{8FBDE468-54F4-4BE0-B3EA-482A636BC477}.Release|Any CPU.Build.0 = Release|Any CPU
	EndGlobalSection
	GlobalSection(SolutionProperties) = preSolution
		HideSolutionNode = FALSE
	EndGlobalSection
	GlobalSection(ExtensibilityGlobals) = postSolution
		SolutionGuid = {D2226DCF-B716-4F19-A96E-1A437D4E7D06}
	EndGlobalSection
EndGlobal
